
Microsoft Visual Studio Solution File, Format Version 12.00
# Visual Studio Version 16
VisualStudioVersion = 16.0.31321.278
MinimumVisualStudioVersion = 10.0.40219.1
Project("{2150E333-8FDC-42A3-9474-1A3956D46DE8}") = "Services", "Services", "{84AE8338-AEF7-477C-8EEE-0C1651FE62FB}"
EndProject
Project("{2150E333-8FDC-42A3-9474-1A3956D46DE8}") = "Catalog", "Catalog", "{B6E19B6C-A650-493D-9203-743D065A9E3C}"
EndProject
Project("{9A19103F-16F7-4668-BE54-9A1E7A4F7556}") = "Catalog.Api", "Services\Catalog\Catalog.Api\Catalog.Api.csproj", "{329F3ADE-15E0-4A0E-B27A-47CB2CF119A9}"
EndProject
Project("{E53339B2-1760-4266-BCC7-CA923CBCF16C}") = "docker-compose", "docker-compose.dcproj", "{6B034696-D512-489C-B902-A72D5B430076}"
EndProject
Project("{2150E333-8FDC-42A3-9474-1A3956D46DE8}") = "Basket", "Basket", "{7E83BF3A-BB56-4A19-A784-85D32DDAC7E8}"
EndProject
Project("{9A19103F-16F7-4668-BE54-9A1E7A4F7556}") = "Basket.Api", "Services\Basket\Basket.Api\Basket.Api.csproj", "{14285430-0B41-4752-B395-2204C894A05D}"
EndProject
Project("{2150E333-8FDC-42A3-9474-1A3956D46DE8}") = "Discount", "Discount", "{A26AC9C7-524B-44F9-A8D8-4806276455F5}"
EndProject
Project("{FAE04EC0-301F-11D3-BF4B-00C04F79EFBC}") = "Discount.Api", "Services\Discount\Discount.Api\Discount.Api.csproj", "{CD31813C-A82F-4221-B4B2-2DD9AD677E35}"
EndProject
Global
	GlobalSection(SolutionConfigurationPlatforms) = preSolution
		Debug|Any CPU = Debug|Any CPU
		Release|Any CPU = Release|Any CPU
	EndGlobalSection
	GlobalSection(ProjectConfigurationPlatforms) = postSolution
		{329F3ADE-15E0-4A0E-B27A-47CB2CF119A9}.Debug|Any CPU.ActiveCfg = Debug|Any CPU
		{329F3ADE-15E0-4A0E-B27A-47CB2CF119A9}.Debug|Any CPU.Build.0 = Debug|Any CPU
		{329F3ADE-15E0-4A0E-B27A-47CB2CF119A9}.Release|Any CPU.ActiveCfg = Release|Any CPU
		{329F3ADE-15E0-4A0E-B27A-47CB2CF119A9}.Release|Any CPU.Build.0 = Release|Any CPU
		{6B034696-D512-489C-B902-A72D5B430076}.Debug|Any CPU.ActiveCfg = Debug|Any CPU
		{6B034696-D512-489C-B902-A72D5B430076}.Debug|Any CPU.Build.0 = Debug|Any CPU
		{6B034696-D512-489C-B902-A72D5B430076}.Release|Any CPU.ActiveCfg = Release|Any CPU
		{6B034696-D512-489C-B902-A72D5B430076}.Release|Any CPU.Build.0 = Release|Any CPU
		{14285430-0B41-4752-B395-2204C894A05D}.Debug|Any CPU.ActiveCfg = Debug|Any CPU
		{14285430-0B41-4752-B395-2204C894A05D}.Debug|Any CPU.Build.0 = Debug|Any CPU
		{14285430-0B41-4752-B395-2204C894A05D}.Release|Any CPU.ActiveCfg = Release|Any CPU
		{14285430-0B41-4752-B395-2204C894A05D}.Release|Any CPU.Build.0 = Release|Any CPU
		{CD31813C-A82F-4221-B4B2-2DD9AD677E35}.Debug|Any CPU.ActiveCfg = Debug|Any CPU
		{CD31813C-A82F-4221-B4B2-2DD9AD677E35}.Debug|Any CPU.Build.0 = Debug|Any CPU
		{CD31813C-A82F-4221-B4B2-2DD9AD677E35}.Release|Any CPU.ActiveCfg = Release|Any CPU
		{CD31813C-A82F-4221-B4B2-2DD9AD677E35}.Release|Any CPU.Build.0 = Release|Any CPU
	EndGlobalSection
	GlobalSection(SolutionProperties) = preSolution
		HideSolutionNode = FALSE
	EndGlobalSection
	GlobalSection(NestedProjects) = preSolution
		{B6E19B6C-A650-493D-9203-743D065A9E3C} = {84AE8338-AEF7-477C-8EEE-0C1651FE62FB}
		{329F3ADE-15E0-4A0E-B27A-47CB2CF119A9} = {B6E19B6C-A650-493D-9203-743D065A9E3C}
		{7E83BF3A-BB56-4A19-A784-85D32DDAC7E8} = {84AE8338-AEF7-477C-8EEE-0C1651FE62FB}
		{14285430-0B41-4752-B395-2204C894A05D} = {7E83BF3A-BB56-4A19-A784-85D32DDAC7E8}
		{A26AC9C7-524B-44F9-A8D8-4806276455F5} = {84AE8338-AEF7-477C-8EEE-0C1651FE62FB}
		{CD31813C-A82F-4221-B4B2-2DD9AD677E35} = {A26AC9C7-524B-44F9-A8D8-4806276455F5}
	EndGlobalSection
	GlobalSection(ExtensibilityGlobals) = postSolution
		SolutionGuid = {41ABA0BE-5F83-4746-82D0-74A70EFA2BA1}
	EndGlobalSection
EndGlobal
